
Microsoft Visual Studio Solution File, Format Version 11.00
# Visual Studio 2010
Project("{FAE04EC0-301F-11D3-BF4B-00C04F79EFBC}") = "SuperOfficeWinApp", "SuperOfficeWinApp\SuperOfficeWinApp.csproj", "{3489626F-BB10-45DD-8C55-77C9000CB31A}"
EndProject
Global
	GlobalSection(SolutionConfigurationPlatforms) = preSolution
		Debug|x86 = Debug|x86
		Release|x86 = Release|x86
	EndGlobalSection
	GlobalSection(ProjectConfigurationPlatforms) = postSolution
		{3489626F-BB10-45DD-8C55-77C9000CB31A}.Debug|x86.ActiveCfg = Debug|x86
		{3489626F-BB10-45DD-8C55-77C9000CB31A}.Debug|x86.Build.0 = Debug|x86
		{3489626F-BB10-45DD-8C55-77C9000CB31A}.Release|x86.ActiveCfg = Release|x86
		{3489626F-BB10-45DD-8C55-77C9000CB31A}.Release|x86.Build.0 = Release|x86
	EndGlobalSection
	GlobalSection(SolutionProperties) = preSolution
		HideSolutionNode = FALSE
	EndGlobalSection
EndGlobal
